
Microsoft Visual Studio Solution File, Format Version 12.00
# Visual Studio Version 16
VisualStudioVersion = 16.0.29709.97
MinimumVisualStudioVersion = 10.0.40219.1
Project("{FAE04EC0-301F-11D3-BF4B-00C04F79EFBC}") = "MyVeryFirstProject", "MyVeryFirstProject\MyVeryFirstProject.csproj", "{D376D141-F60A-43B4-827C-D54189E99224}"
EndProject
Global
	GlobalSection(SolutionConfigurationPlatforms) = preSolution
		Debug|Any CPU = Debug|Any CPU
		Release|Any CPU = Release|Any CPU
	EndGlobalSection
	GlobalSection(ProjectConfigurationPlatforms) = postSolution
		{D376D141-F60A-43B4-827C-D54189E99224}.Debug|Any CPU.ActiveCfg = Debug|Any CPU
		{D376D141-F60A-43B4-827C-D54189E99224}.Debug|Any CPU.Build.0 = Debug|Any CPU
		{D376D141-F60A-43B4-827C-D54189E99224}.Release|Any CPU.ActiveCfg = Release|Any CPU
		{D376D141-F60A-43B4-827C-D54189E99224}.Release|Any CPU.Build.0 = Release|Any CPU
	EndGlobalSection
	GlobalSection(SolutionProperties) = preSolution
		HideSolutionNode = FALSE
	EndGlobalSection
	GlobalSection(ExtensibilityGlobals) = postSolution
		SolutionGuid = {4AF5C4BD-0909-479B-A9F8-1411C687E094}
	EndGlobalSection
EndGlobal
